# This file was autogenerated by Stack.
# You should not edit this file by hand.
# For more information, please see the documentation at:
#   https://docs.haskellstack.org/en/stable/lock_files

packages:
- completed:
    size: 3689
    filepath: /home/decapo01/projects/avtor/avtor-core-hs/.stack-work/dist/x86_64-linux/Cabal-2.2.0.1/avtor-core-hs-0.1.0.0.tar.gz
    cabal-file:
      size: 1754
      sha256: 2b4d53989e50abb5525434c6970207211a0136a431a58214c6bdd35b5be3bda8
    name: avtor-core-hs
    version: 0.1.0.0
    sha256: d1d257c2ff858f7b623ba61b525a164e4c285a5f243bb0f1b89f01da6a1ba3a5
    pantry-tree:
      size: 409
      sha256: 5b0496d9d818f97fd4a09cc92f48e23ba5c0e150eb1bced3368cf2865ae6c169
  original:
    filepath: /home/decapo01/projects/avtor/avtor-core-hs/.stack-work/dist/x86_64-linux/Cabal-2.2.0.1/avtor-core-hs-0.1.0.0.tar.gz
snapshots:
- completed:
    size: 509471
    url: https://raw.githubusercontent.com/commercialhaskell/stackage-snapshots/master/lts/12/26.yaml
    sha256: 95f014df58d0679b1c4a2b7bf2b652b61da8d30de5f571abb0d59015ef678646
  original: lts-12.26
